{
  "name": "hyperccomponents",
  "version": "1.0.0",
  "lockfileVersion": 3,
  "requires": true,
  "packages": {
    "": {
      "name": "hyperccomponents",
      "version": "1.0.0",
      "license": "ISC",
      "devDependencies": {
        "@types/html": "^1.0.4"
      }
    },
    "node_modules/@types/html": {
      "version": "1.0.4",
      "resolved": "https://registry.npmjs.org/@types/html/-/html-1.0.4.tgz",
      "integrity": "sha512-Wb1ymSAftCLxhc3D6vS0Ike/0xg7W6c+DQxAkerU6pD7C8CMzTYwvrwnlcrTfsVO/nMelB9KOKIT7+N5lOeQUg==",
      "dev": true,
      "license": "MIT"
    }
  }
}
